
Microsoft Visual Studio Solution File, Format Version 12.00
# Visual Studio Version 17
VisualStudioVersion = 17.1.32407.343
MinimumVisualStudioVersion = 10.0.40219.1
Project("{FAE04EC0-301F-11D3-BF4B-00C04F79EFBC}") = "FatecAppBackend.Domain", "FatecAppBackend.Domain\FatecAppBackend.Domain.csproj", "{A93D275E-CB5F-4960-BEDE-4635FB264528}"
EndProject
Project("{FAE04EC0-301F-11D3-BF4B-00C04F79EFBC}") = "FatecAppBackend.Shared", "FatecAppBackend.Shared\FatecAppBackend.Shared.csproj", "{61371258-A925-431A-B5CE-22C778F30C41}"
EndProject
Project("{FAE04EC0-301F-11D3-BF4B-00C04F79EFBC}") = "FatecAppBackend.Tests", "FatecAppBackend.Tests\FatecAppBackend.Tests.csproj", "{6B0FB651-F3F0-4389-86BE-610C34040C32}"
EndProject
Global
	GlobalSection(SolutionConfigurationPlatforms) = preSolution
		Debug|Any CPU = Debug|Any CPU
		Release|Any CPU = Release|Any CPU
	EndGlobalSection
	GlobalSection(ProjectConfigurationPlatforms) = postSolution
		{A93D275E-CB5F-4960-BEDE-4635FB264528}.Debug|Any CPU.ActiveCfg = Debug|Any CPU
		{A93D275E-CB5F-4960-BEDE-4635FB264528}.Debug|Any CPU.Build.0 = Debug|Any CPU
		{A93D275E-CB5F-4960-BEDE-4635FB264528}.Release|Any CPU.ActiveCfg = Release|Any CPU
		{A93D275E-CB5F-4960-BEDE-4635FB264528}.Release|Any CPU.Build.0 = Release|Any CPU
		{61371258-A925-431A-B5CE-22C778F30C41}.Debug|Any CPU.ActiveCfg = Debug|Any CPU
		{61371258-A925-431A-B5CE-22C778F30C41}.Debug|Any CPU.Build.0 = Debug|Any CPU
		{61371258-A925-431A-B5CE-22C778F30C41}.Release|Any CPU.ActiveCfg = Release|Any CPU
		{61371258-A925-431A-B5CE-22C778F30C41}.Release|Any CPU.Build.0 = Release|Any CPU
		{6B0FB651-F3F0-4389-86BE-610C34040C32}.Debug|Any CPU.ActiveCfg = Debug|Any CPU
		{6B0FB651-F3F0-4389-86BE-610C34040C32}.Debug|Any CPU.Build.0 = Debug|Any CPU
		{6B0FB651-F3F0-4389-86BE-610C34040C32}.Release|Any CPU.ActiveCfg = Release|Any CPU
		{6B0FB651-F3F0-4389-86BE-610C34040C32}.Release|Any CPU.Build.0 = Release|Any CPU
	EndGlobalSection
	GlobalSection(SolutionProperties) = preSolution
		HideSolutionNode = FALSE
	EndGlobalSection
	GlobalSection(ExtensibilityGlobals) = postSolution
		SolutionGuid = {ED6A04A2-9F4E-4B6D-812C-511ECD351128}
	EndGlobalSection
EndGlobal
